Microsoft Visual Studio Solution File, Format Version 12.00
# Visual Studio Version 17
VisualStudioVersion = 17.0.31903.59
MinimumVisualStudioVersion = 10.0.40219.1
Project("{2150E333-8FDC-42A3-9474-1A3956D46DE8}") = "1 - API", "1 - API", "{D82C56D6-B2CD-F611-9E31-04638F7EC30E}"
EndProject
Project("{FAE04EC0-301F-11D3-BF4B-00C04F79EFBC}") = "NeoTasks.Api", "NeoTasks.Api\NeoTasks.Api.csproj", "{53B86CDF-120B-4AC2-8D2A-BFC3A10DC32F}"
EndProject
Project("{FAE04EC0-301F-11D3-BF4B-00C04F79EFBC}") = "NeoTasks.Domain", "NeoTasks.Domain\NeoTasks.Domain.csproj", "{0D9BA586-B72A-41DF-9BC2-C8AA6387E91F}"
EndProject
Project("{FAE04EC0-301F-11D3-BF4B-00C04F79EFBC}") = "NeoTasks.Data", "NeoTasks.Data\NeoTasks.Data.csproj", "{01E7A884-E41A-45F2-B3C4-07320C935A0C}"
EndProject
Project("{FAE04EC0-301F-11D3-BF4B-00C04F79EFBC}") = "NeoTasks.Service", "NeoTasks.Service\NeoTasks.Service.csproj", "{2CEDE550-7DC0-43E0-9880-68A52979C901}"
EndProject
Project("{2150E333-8FDC-42A3-9474-1A3956D46DE8}") = "2 - Domain", "2 - Domain", "{996CEBED-A05B-5D42-3FF0-982E087A2599}"
EndProject
Project("{2150E333-8FDC-42A3-9474-1A3956D46DE8}") = "3 - Data", "3 - Data", "{015FE221-96B2-289B-A0E8-6E7354784A75}"
EndProject
Project("{2150E333-8FDC-42A3-9474-1A3956D46DE8}") = "4 - Service", "4 - Service", "{226567F5-DD15-7888-5BF1-C4407778305A}"
EndProject
Project("{2150E333-8FDC-42A3-9474-1A3956D46DE8}") = "5 - Worker", "5 - Worker", "{6A5F9DDE-3B88-372A-C771-C486FF97143A}"
EndProject
Project("{FAE04EC0-301F-11D3-BF4B-00C04F79EFBC}") = "NeoTasks.Worker", "NeoTasks.Worker\NeoTasks.Worker.csproj", "{7B583529-DD3A-4E8B-923C-7DAF6ACAE76E}"
EndProject
Project("{2150E333-8FDC-42A3-9474-1A3956D46DE8}") = "6 - Test", "6 - Test", "{0C88DD14-F956-CE84-757C-A364CCF449FC}"
EndProject
Project("{FAE04EC0-301F-11D3-BF4B-00C04F79EFBC}") = "NeoTasks.Tests", "NeoTasks.Tests\NeoTasks.Tests.csproj", "{2A4F2C63-9FCF-4B56-9DE5-E6690A3AF5A2}"
EndProject
Global
	GlobalSection(SolutionConfigurationPlatforms) = preSolution
		Debug|Any CPU = Debug|Any CPU
		Debug|x64 = Debug|x64
		Debug|x86 = Debug|x86
		Release|Any CPU = Release|Any CPU
		Release|x64 = Release|x64
		Release|x86 = Release|x86
	EndGlobalSection
	GlobalSection(ProjectConfigurationPlatforms) = postSolution
		{53B86CDF-120B-4AC2-8D2A-BFC3A10DC32F}.Debug|Any CPU.ActiveCfg = Debug|Any CPU
		{53B86CDF-120B-4AC2-8D2A-BFC3A10DC32F}.Debug|Any CPU.Build.0 = Debug|Any CPU
		{53B86CDF-120B-4AC2-8D2A-BFC3A10DC32F}.Debug|x64.ActiveCfg = Debug|Any CPU
		{53B86CDF-120B-4AC2-8D2A-BFC3A10DC32F}.Debug|x64.Build.0 = Debug|Any CPU
		{53B86CDF-120B-4AC2-8D2A-BFC3A10DC32F}.Debug|x86.ActiveCfg = Debug|Any CPU
		{53B86CDF-120B-4AC2-8D2A-BFC3A10DC32F}.Debug|x86.Build.0 = Debug|Any CPU
		{53B86CDF-120B-4AC2-8D2A-BFC3A10DC32F}.Release|Any CPU.ActiveCfg = Release|Any CPU
		{53B86CDF-120B-4AC2-8D2A-BFC3A10DC32F}.Release|Any CPU.Build.0 = Release|Any CPU
		{53B86CDF-120B-4AC2-8D2A-BFC3A10DC32F}.Release|x64.ActiveCfg = Release|Any CPU
		{53B86CDF-120B-4AC2-8D2A-BFC3A10DC32F}.Release|x64.Build.0 = Release|Any CPU
		{53B86CDF-120B-4AC2-8D2A-BFC3A10DC32F}.Release|x86.ActiveCfg = Release|Any CPU
		{53B86CDF-120B-4AC2-8D2A-BFC3A10DC32F}.Release|x86.Build.0 = Release|Any CPU
		{0D9BA586-B72A-41DF-9BC2-C8AA6387E91F}.Debug|Any CPU.ActiveCfg = Debug|Any CPU
		{0D9BA586-B72A-41DF-9BC2-C8AA6387E91F}.Debug|Any CPU.Build.0 = Debug|Any CPU
		{0D9BA586-B72A-41DF-9BC2-C8AA6387E91F}.Debug|x64.ActiveCfg = Debug|Any CPU
		{0D9BA586-B72A-41DF-9BC2-C8AA6387E91F}.Debug|x64.Build.0 = Debug|Any CPU
		{0D9BA586-B72A-41DF-9BC2-C8AA6387E91F}.Debug|x86.ActiveCfg = Debug|Any CPU
		{0D9BA586-B72A-41DF-9BC2-C8AA6387E91F}.Debug|x86.Build.0 = Debug|Any CPU
		{0D9BA586-B72A-41DF-9BC2-C8AA6387E91F}.Release|Any CPU.ActiveCfg = Release|Any CPU
		{0D9BA586-B72A-41DF-9BC2-C8AA6387E91F}.Release|Any CPU.Build.0 = Release|Any CPU
		{0D9BA586-B72A-41DF-9BC2-C8AA6387E91F}.Release|x64.ActiveCfg = Release|Any CPU
		{0D9BA586-B72A-41DF-9BC2-C8AA6387E91F}.Release|x64.Build.0 = Release|Any CPU
		{0D9BA586-B72A-41DF-9BC2-C8AA6387E91F}.Release|x86.ActiveCfg = Release|Any CPU
		{0D9BA586-B72A-41DF-9BC2-C8AA6387E91F}.Release|x86.Build.0 = Release|Any CPU
		{01E7A884-E41A-45F2-B3C4-07320C935A0C}.Debug|Any CPU.ActiveCfg = Debug|Any CPU
		{01E7A884-E41A-45F2-B3C4-07320C935A0C}.Debug|Any CPU.Build.0 = Debug|Any CPU
		{01E7A884-E41A-45F2-B3C4-07320C935A0C}.Debug|x64.ActiveCfg = Debug|Any CPU
		{01E7A884-E41A-45F2-B3C4-07320C935A0C}.Debug|x64.Build.0 = Debug|Any CPU
		{01E7A884-E41A-45F2-B3C4-07320C935A0C}.Debug|x86.ActiveCfg = Debug|Any CPU
		{01E7A884-E41A-45F2-B3C4-07320C935A0C}.Debug|x86.Build.0 = Debug|Any CPU
		{01E7A884-E41A-45F2-B3C4-07320C935A0C}.Release|Any CPU.ActiveCfg = Release|Any CPU
		{01E7A884-E41A-45F2-B3C4-07320C935A0C}.Release|Any CPU.Build.0 = Release|Any CPU
		{01E7A884-E41A-45F2-B3C4-07320C935A0C}.Release|x64.ActiveCfg = Release|Any CPU
		{01E7A884-E41A-45F2-B3C4-07320C935A0C}.Release|x64.Build.0 = Release|Any CPU
		{01E7A884-E41A-45F2-B3C4-07320C935A0C}.Release|x86.ActiveCfg = Release|Any CPU
		{01E7A884-E41A-45F2-B3C4-07320C935A0C}.Release|x86.Build.0 = Release|Any CPU
		{2CEDE550-7DC0-43E0-9880-68A52979C901}.Debug|Any CPU.ActiveCfg = Debug|Any CPU
		{2CEDE550-7DC0-43E0-9880-68A52979C901}.Debug|Any CPU.Build.0 = Debug|Any CPU
		{2CEDE550-7DC0-43E0-9880-68A52979C901}.Debug|x64.ActiveCfg = Debug|Any CPU
		{2CEDE550-7DC0-43E0-9880-68A52979C901}.Debug|x64.Build.0 = Debug|Any CPU
		{2CEDE550-7DC0-43E0-9880-68A52979C901}.Debug|x86.ActiveCfg = Debug|Any CPU
		{2CEDE550-7DC0-43E0-9880-68A52979C901}.Debug|x86.Build.0 = Debug|Any CPU
		{2CEDE550-7DC0-43E0-9880-68A52979C901}.Release|Any CPU.ActiveCfg = Release|Any CPU
		{2CEDE550-7DC0-43E0-9880-68A52979C901}.Release|Any CPU.Build.0 = Release|Any CPU
		{2CEDE550-7DC0-43E0-9880-68A52979C901}.Release|x64.ActiveCfg = Release|Any CPU
		{2CEDE550-7DC0-43E0-9880-68A52979C901}.Release|x64.Build.0 = Release|Any CPU
		{2CEDE550-7DC0-43E0-9880-68A52979C901}.Release|x86.ActiveCfg = Release|Any CPU
		{2CEDE550-7DC0-43E0-9880-68A52979C901}.Release|x86.Build.0 = Release|Any CPU
		{7B583529-DD3A-4E8B-923C-7DAF6ACAE76E}.Debug|Any CPU.ActiveCfg = Debug|Any CPU
		{7B583529-DD3A-4E8B-923C-7DAF6ACAE76E}.Debug|Any CPU.Build.0 = Debug|Any CPU
		{7B583529-DD3A-4E8B-923C-7DAF6ACAE76E}.Debug|x64.ActiveCfg = Debug|Any CPU
		{7B583529-DD3A-4E8B-923C-7DAF6ACAE76E}.Debug|x64.Build.0 = Debug|Any CPU
		{7B583529-DD3A-4E8B-923C-7DAF6ACAE76E}.Debug|x86.ActiveCfg = Debug|Any CPU
		{7B583529-DD3A-4E8B-923C-7DAF6ACAE76E}.Debug|x86.Build.0 = Debug|Any CPU
		{7B583529-DD3A-4E8B-923C-7DAF6ACAE76E}.Release|Any CPU.ActiveCfg = Release|Any CPU
		{7B583529-DD3A-4E8B-923C-7DAF6ACAE76E}.Release|Any CPU.Build.0 = Release|Any CPU
		{7B583529-DD3A-4E8B-923C-7DAF6ACAE76E}.Release|x64.ActiveCfg = Release|Any CPU
		{7B583529-DD3A-4E8B-923C-7DAF6ACAE76E}.Release|x64.Build.0 = Release|Any CPU
		{7B583529-DD3A-4E8B-923C-7DAF6ACAE76E}.Release|x86.ActiveCfg = Release|Any CPU
		{7B583529-DD3A-4E8B-923C-7DAF6ACAE76E}.Release|x86.Build.0 = Release|Any CPU
		{2A4F2C63-9FCF-4B56-9DE5-E6690A3AF5A2}.Debug|Any CPU.ActiveCfg = Debug|Any CPU
		{2A4F2C63-9FCF-4B56-9DE5-E6690A3AF5A2}.Debug|Any CPU.Build.0 = Debug|Any CPU
		{2A4F2C63-9FCF-4B56-9DE5-E6690A3AF5A2}.Debug|x64.ActiveCfg = Debug|Any CPU
		{2A4F2C63-9FCF-4B56-9DE5-E6690A3AF5A2}.Debug|x64.Build.0 = Debug|Any CPU
		{2A4F2C63-9FCF-4B56-9DE5-E6690A3AF5A2}.Debug|x86.ActiveCfg = Debug|Any CPU
		{2A4F2C63-9FCF-4B56-9DE5-E6690A3AF5A2}.Debug|x86.Build.0 = Debug|Any CPU
		{2A4F2C63-9FCF-4B56-9DE5-E6690A3AF5A2}.Release|Any CPU.ActiveCfg = Release|Any CPU
		{2A4F2C63-9FCF-4B56-9DE5-E6690A3AF5A2}.Release|Any CPU.Build.0 = Release|Any CPU
		{2A4F2C63-9FCF-4B56-9DE5-E6690A3AF5A2}.Release|x64.ActiveCfg = Release|Any CPU
		{2A4F2C63-9FCF-4B56-9DE5-E6690A3AF5A2}.Release|x64.Build.0 = Release|Any CPU
		{2A4F2C63-9FCF-4B56-9DE5-E6690A3AF5A2}.Release|x86.ActiveCfg = Release|Any CPU
		{2A4F2C63-9FCF-4B56-9DE5-E6690A3AF5A2}.Release|x86.Build.0 = Release|Any CPU
	EndGlobalSection
	GlobalSection(SolutionProperties) = preSolution
		HideSolutionNode = FALSE
	EndGlobalSection
	GlobalSection(NestedProjects) = preSolution
		{53B86CDF-120B-4AC2-8D2A-BFC3A10DC32F} = {D82C56D6-B2CD-F611-9E31-04638F7EC30E}
		{0D9BA586-B72A-41DF-9BC2-C8AA6387E91F} = {996CEBED-A05B-5D42-3FF0-982E087A2599}
		{01E7A884-E41A-45F2-B3C4-07320C935A0C} = {015FE221-96B2-289B-A0E8-6E7354784A75}
		{2CEDE550-7DC0-43E0-9880-68A52979C901} = {226567F5-DD15-7888-5BF1-C4407778305A}
		{7B583529-DD3A-4E8B-923C-7DAF6ACAE76E} = {6A5F9DDE-3B88-372A-C771-C486FF97143A}
		{2A4F2C63-9FCF-4B56-9DE5-E6690A3AF5A2} = {0C88DD14-F956-CE84-757C-A364CCF449FC}
	EndGlobalSection
EndGlobal
